{
  "name": "mineflayer-movement",
  "version": "0.0.1",
  "lockfileVersion": 2,
  "requires": true,
  "packages": {
    "": {
      "version": "0.0.1",
      "license": "MIT",
      "dependencies": {
        "vec3": "^0.1.7"
      }
    },
    "node_modules/vec3": {
      "version": "0.1.7",
      "resolved": "https://registry.npmjs.org/vec3/-/vec3-0.1.7.tgz",
      "integrity": "sha512-EZSeXBL+L3go2wWwtQQse4fEcNGIQjT14qvi4LYVj1ifZt/J5XZ1QZqkDuOVVH07YwTEIFbsAv3pzwUpF7x9Wg=="
    }
  },
  "dependencies": {
    "vec3": {
      "version": "0.1.7",
      "resolved": "https://registry.npmjs.org/vec3/-/vec3-0.1.7.tgz",
      "integrity": "sha512-EZSeXBL+L3go2wWwtQQse4fEcNGIQjT14qvi4LYVj1ifZt/J5XZ1QZqkDuOVVH07YwTEIFbsAv3pzwUpF7x9Wg=="
    }
  }
}
