{
  "name": "mineflayer-movement",
  "version": "0.0.1",
  "lockfileVersion": 2,
  "requires": true,
  "packages": {
    "": {
      "name": "mineflayer-movement",
      "version": "0.0.1",
      "license": "MIT",
      "dependencies": {
        "line3": "^0.0.2",
        "vec3": "^0.1.7"
      }
    },
    "node_modules/line3": {
      "version": "0.0.2",
      "resolved": "https://registry.npmjs.org/line3/-/line3-0.0.2.tgz",
      "integrity": "sha512-CljkbNbTuRKy9d+af294rP6psRJ5HLfljVUAKZU/wHY3As3B6ZYS9W/uQ6c3d2T7/yA2+4XwiVucoKY/E+3CIQ==",
      "dependencies": {
        "vec3": "^0.1.7"
      }
    },
    "node_modules/vec3": {
      "version": "0.1.7",
      "resolved": "https://registry.npmjs.org/vec3/-/vec3-0.1.7.tgz",
      "integrity": "sha512-EZSeXBL+L3go2wWwtQQse4fEcNGIQjT14qvi4LYVj1ifZt/J5XZ1QZqkDuOVVH07YwTEIFbsAv3pzwUpF7x9Wg=="
    }
  },
  "dependencies": {
    "line3": {
      "version": "0.0.2",
      "resolved": "https://registry.npmjs.org/line3/-/line3-0.0.2.tgz",
      "integrity": "sha512-CljkbNbTuRKy9d+af294rP6psRJ5HLfljVUAKZU/wHY3As3B6ZYS9W/uQ6c3d2T7/yA2+4XwiVucoKY/E+3CIQ==",
      "requires": {
        "vec3": "^0.1.7"
      }
    },
    "vec3": {
      "version": "0.1.7",
      "resolved": "https://registry.npmjs.org/vec3/-/vec3-0.1.7.tgz",
      "integrity": "sha512-EZSeXBL+L3go2wWwtQQse4fEcNGIQjT14qvi4LYVj1ifZt/J5XZ1QZqkDuOVVH07YwTEIFbsAv3pzwUpF7x9Wg=="
    }
  }
}
